
Microsoft Visual Studio Solution File, Format Version 12.00
# Visual Studio Version 17
VisualStudioVersion = 17.13.36105.23 d17.13
MinimumVisualStudioVersion = 10.0.40219.1
Project("{FAE04EC0-301F-11D3-BF4B-00C04F79EFBC}") = "PhishingDetectionEngine", "PhishingDetectionEngine\PhishingDetectionEngine.csproj", "{A59B7B5E-18F4-4B4C-8C08-01D46D9321B3}"
EndProject
Global
	GlobalSection(SolutionConfigurationPlatforms) = preSolution
		Debug|Any CPU = Debug|Any CPU
		Release|Any CPU = Release|Any CPU
	EndGlobalSection
	GlobalSection(ProjectConfigurationPlatforms) = postSolution
		{A59B7B5E-18F4-4B4C-8C08-01D46D9321B3}.Debug|Any CPU.ActiveCfg = Debug|Any CPU
		{A59B7B5E-18F4-4B4C-8C08-01D46D9321B3}.Debug|Any CPU.Build.0 = Debug|Any CPU
		{A59B7B5E-18F4-4B4C-8C08-01D46D9321B3}.Release|Any CPU.ActiveCfg = Release|Any CPU
		{A59B7B5E-18F4-4B4C-8C08-01D46D9321B3}.Release|Any CPU.Build.0 = Release|Any CPU
	EndGlobalSection
	GlobalSection(SolutionProperties) = preSolution
		HideSolutionNode = FALSE
	EndGlobalSection
	GlobalSection(ExtensibilityGlobals) = postSolution
		SolutionGuid = {853FED3C-FB68-4D02-8719-BD549442B80E}
	EndGlobalSection
EndGlobal
